
Microsoft Visual Studio Solution File, Format Version 12.00
# Visual Studio Version 17
VisualStudioVersion = 17.9.34728.123
MinimumVisualStudioVersion = 10.0.40219.1
Project("{FAE04EC0-301F-11D3-BF4B-00C04F79EFBC}") = "EmployeeManagementSystem", "EmployeeManagementSystem.csproj", "{1B5B1055-15E9-4EF2-919C-A939C205BBF8}"
EndProject
Project("{FAE04EC0-301F-11D3-BF4B-00C04F79EFBC}") = "Common", "..\Common\Common.csproj", "{59252116-FDF9-413F-B75D-5D8C8DED7046}"
EndProject
Project("{FAE04EC0-301F-11D3-BF4B-00C04F79EFBC}") = "Services", "..\Services\Services.csproj", "{A7765E78-8878-414F-B0C0-0AFCBD409DF7}"
EndProject
Project("{FAE04EC0-301F-11D3-BF4B-00C04F79EFBC}") = "Repository", "..\Repository\Repository.csproj", "{6CB8CD26-700B-4872-AF24-DFC67EA660B6}"
EndProject
Global
	GlobalSection(SolutionConfigurationPlatforms) = preSolution
		Debug|Any CPU = Debug|Any CPU
		Release|Any CPU = Release|Any CPU
	EndGlobalSection
	GlobalSection(ProjectConfigurationPlatforms) = postSolution
		{1B5B1055-15E9-4EF2-919C-A939C205BBF8}.Debug|Any CPU.ActiveCfg = Debug|Any CPU
		{1B5B1055-15E9-4EF2-919C-A939C205BBF8}.Debug|Any CPU.Build.0 = Debug|Any CPU
		{1B5B1055-15E9-4EF2-919C-A939C205BBF8}.Release|Any CPU.ActiveCfg = Release|Any CPU
		{1B5B1055-15E9-4EF2-919C-A939C205BBF8}.Release|Any CPU.Build.0 = Release|Any CPU
		{59252116-FDF9-413F-B75D-5D8C8DED7046}.Debug|Any CPU.ActiveCfg = Debug|Any CPU
		{59252116-FDF9-413F-B75D-5D8C8DED7046}.Debug|Any CPU.Build.0 = Debug|Any CPU
		{59252116-FDF9-413F-B75D-5D8C8DED7046}.Release|Any CPU.ActiveCfg = Release|Any CPU
		{59252116-FDF9-413F-B75D-5D8C8DED7046}.Release|Any CPU.Build.0 = Release|Any CPU
		{A7765E78-8878-414F-B0C0-0AFCBD409DF7}.Debug|Any CPU.ActiveCfg = Debug|Any CPU
		{A7765E78-8878-414F-B0C0-0AFCBD409DF7}.Debug|Any CPU.Build.0 = Debug|Any CPU
		{A7765E78-8878-414F-B0C0-0AFCBD409DF7}.Release|Any CPU.ActiveCfg = Release|Any CPU
		{A7765E78-8878-414F-B0C0-0AFCBD409DF7}.Release|Any CPU.Build.0 = Release|Any CPU
		{6CB8CD26-700B-4872-AF24-DFC67EA660B6}.Debug|Any CPU.ActiveCfg = Debug|Any CPU
		{6CB8CD26-700B-4872-AF24-DFC67EA660B6}.Debug|Any CPU.Build.0 = Debug|Any CPU
		{6CB8CD26-700B-4872-AF24-DFC67EA660B6}.Release|Any CPU.ActiveCfg = Release|Any CPU
		{6CB8CD26-700B-4872-AF24-DFC67EA660B6}.Release|Any CPU.Build.0 = Release|Any CPU
	EndGlobalSection
	GlobalSection(SolutionProperties) = preSolution
		HideSolutionNode = FALSE
	EndGlobalSection
	GlobalSection(ExtensibilityGlobals) = postSolution
		SolutionGuid = {5204A3A9-91FC-42F0-BD54-3E41F814C3E4}
	EndGlobalSection
EndGlobal
